<?xml version="1.0" encoding="utf-8"?>
<Project ToolsVersion="4.0" xmlns="http://schemas.microsoft.com/developer/msbuild/2003">
  <ItemGroup>
    <ClCompile Include="src\testApp.cpp">
      <Filter>src</Filter>
    </ClCompile>
    <ClCompile Include="src\main.cpp">
      <Filter>src</Filter>
    </ClCompile>
  </ItemGroup>
  <ItemGroup>
    <Filter Include="src">
      <UniqueIdentifier>{d8376475-7454-4a24-b08a-aac121d3ad6f}</UniqueIdentifier>
    </Filter>
    <Filter Include="addons">
      <UniqueIdentifier>{014ab87c-b1ee-4040-b3e5-4168bea9bf0c}</UniqueIdentifier>
    </Filter>
    <Filter Include="CloudsLibrary">
      <UniqueIdentifier>{3f91ef80-5457-40be-b909-0e1182dd2195}</UniqueIdentifier>
    </Filter>
    <Filter Include="CloudsLibrary\src">
      <UniqueIdentifier>{ba3cc539-df88-4086-8928-aabd55c76719}</UniqueIdentifier>
    </Filter>
  </ItemGroup>
  <ItemGroup>
    <ClInclude Include="src\testApp.h">
      <Filter>src</Filter>
    </ClInclude>
  </ItemGroup>
</Project>