<?xml version="1.0" encoding="utf-8"?>
<Project ToolsVersion="4.0" xmlns="http://schemas.microsoft.com/developer/msbuild/2003">
  <ItemGroup>
    <ClCompile Include="src\testApp.cpp">
      <Filter>src</Filter>
    </ClCompile>
    <ClCompile Include="src\main.cpp">
      <Filter>src</Filter>
    </ClCompile>
    <ClCompile Include="..\..\..\addons\ofxFTGL\src\ofxFTGLFont.cpp">
      <Filter>addons\ofxFTGL\src</Filter>
    </ClCompile>
    <ClCompile Include="..\..\..\addons\ofxFTGL\src\ofxFTGLSimpleLayout.cpp">
      <Filter>addons\ofxFTGL\src</Filter>
    </ClCompile>
    <ClCompile Include="..\CloudsLibrary\src\StoryEngine\CloudsClip.cpp">
      <Filter>CloudsLibrary\src\StoryEngine</Filter>
    </ClCompile>
    <ClCompile Include="..\CloudsLibrary\src\StoryEngine\CloudsDichotomy.cpp">
      <Filter>CloudsLibrary\src\StoryEngine</Filter>
    </ClCompile>
    <ClCompile Include="..\CloudsLibrary\src\StoryEngine\CloudsFCPParser.cpp">
      <Filter>CloudsLibrary\src\StoryEngine</Filter>
    </ClCompile>
    <ClCompile Include="..\CloudsLibrary\src\StoryEngine\CloudsLink.cpp">
      <Filter>CloudsLibrary\src\StoryEngine</Filter>
    </ClCompile>
    <ClCompile Include="..\CloudsLibrary\src\StoryEngine\CloudsSpeaker.cpp">
      <Filter>CloudsLibrary\src\StoryEngine</Filter>
    </ClCompile>
    <ClCompile Include="..\CloudsLibrary\src\CloudsGlobal.cpp">
      <Filter>CloudsLibrary\src</Filter>
    </ClCompile>
    <ClCompile Include="..\CloudsLibrary\src\CloudsLocalization.cpp">
      <Filter>CloudsLibrary\src</Filter>
    </ClCompile>
    <ClCompile Include="..\CloudsLibrary\src\VisualSystemsLibrary\CloudsRGBDCamera.cpp">
      <Filter>CloudsLibrary\src\VisualSystemsLibrary</Filter>
    </ClCompile>
    <ClCompile Include="..\CloudsLibrary\src\VisualSystemsLibrary\CloudsRGBDVideoPlayer.cpp">
      <Filter>CloudsLibrary\src\VisualSystemsLibrary</Filter>
    </ClCompile>
    <ClCompile Include="..\CloudsLibrary\src\VisualSystemsLibrary\CloudsVisualSystem.cpp">
      <Filter>CloudsLibrary\src\VisualSystemsLibrary</Filter>
    </ClCompile>
    <ClCompile Include="..\..\..\addons\ofxSubtitles\src\ofxSubtitles.cpp">
      <Filter>addons\ofxSubtitles\src</Filter>
    </ClCompile>
    <ClCompile Include="..\..\..\addons\ofxSubtitles\src\ofxSubtitleUnit.cpp">
      <Filter>addons\ofxSubtitles\src</Filter>
    </ClCompile>
    <ClCompile Include="..\..\..\addons\ofxLocalization\src\ofxLocalization.cpp">
      <Filter>addons\ofxLocalization</Filter>
    </ClCompile>
    <ClCompile Include="..\CloudsLibrary\src\Input\CloudsInputMouse.cpp">
      <Filter>CloudsLibrary\src\Input</Filter>
    </ClCompile>
    <ClCompile Include="..\CloudsLibrary\src\Input\CloudsInput.cpp">
      <Filter>CloudsLibrary\src\Input</Filter>
    </ClCompile>
  </ItemGroup>
  <ItemGroup>
    <Filter Include="src">
      <UniqueIdentifier>{d8376475-7454-4a24-b08a-aac121d3ad6f}</UniqueIdentifier>
    </Filter>
    <Filter Include="addons">
      <UniqueIdentifier>{014ab87c-b1ee-4040-b3e5-4168bea9bf0c}</UniqueIdentifier>
    </Filter>
    <Filter Include="CloudsLibrary">
      <UniqueIdentifier>{3f91ef80-5457-40be-b909-0e1182dd2195}</UniqueIdentifier>
    </Filter>
    <Filter Include="CloudsLibrary\src">
      <UniqueIdentifier>{ba3cc539-df88-4086-8928-aabd55c76719}</UniqueIdentifier>
    </Filter>
    <Filter Include="addons\ofxFTGL">
      <UniqueIdentifier>{25a1eb7e-e8e3-48b2-a964-a3d068521c3c}</UniqueIdentifier>
    </Filter>
    <Filter Include="addons\ofxFTGL\src">
      <UniqueIdentifier>{43ac9927-fe1b-43f1-bef7-90e1522346b7}</UniqueIdentifier>
    </Filter>
    <Filter Include="CloudsLibrary\src\StoryEngine">
      <UniqueIdentifier>{ef0ec260-2489-4668-9fa1-3a51b823e3ae}</UniqueIdentifier>
    </Filter>
    <Filter Include="CloudsLibrary\src\VisualSystemsLibrary">
      <UniqueIdentifier>{97a2b276-7a1f-4136-8512-50d42960cc41}</UniqueIdentifier>
    </Filter>
    <Filter Include="addons\ofxSubtitles">
      <UniqueIdentifier>{d7122de9-8bfc-4833-acd4-33e64394c41d}</UniqueIdentifier>
    </Filter>
    <Filter Include="addons\ofxSubtitles\src">
      <UniqueIdentifier>{4894407e-4f65-476a-bb6a-08b504318444}</UniqueIdentifier>
    </Filter>
    <Filter Include="addons\ofxLocalization">
      <UniqueIdentifier>{2cee80a1-5596-43d9-af07-c30e64f63cb1}</UniqueIdentifier>
    </Filter>
    <Filter Include="CloudsLibrary\src\Input">
      <UniqueIdentifier>{a6bcdf8f-1b5f-4c13-b48c-b8296598f662}</UniqueIdentifier>
    </Filter>
    <Filter Include="addons\ofxCameraSaveLoad">
      <UniqueIdentifier>{92cb1fe0-a81f-4041-818a-9d04bb584c99}</UniqueIdentifier>
    </Filter>
    <Filter Include="addons\ofxCameraSaveLoad\src">
      <UniqueIdentifier>{e35fbd24-9b8c-49a9-8d91-2aa010299fd1}</UniqueIdentifier>
    </Filter>
  </ItemGroup>
  <ItemGroup>
    <ClInclude Include="src\testApp.h">
      <Filter>src</Filter>
    </ClInclude>
    <ClInclude Include="..\..\..\addons\ofxFTGL\src\ofxFTGLFont.h">
      <Filter>addons\ofxFTGL\src</Filter>
    </ClInclude>
    <ClInclude Include="..\..\..\addons\ofxFTGL\src\ofxFTGLSimpleLayout.h">
      <Filter>addons\ofxFTGL\src</Filter>
    </ClInclude>
    <ClInclude Include="..\..\..\addons\ofxFTGL\src\ofxFTGL.h">
      <Filter>addons\ofxFTGL\src</Filter>
    </ClInclude>
    <ClInclude Include="..\CloudsLibrary\src\StoryEngine\CloudsClip.h">
      <Filter>CloudsLibrary\src\StoryEngine</Filter>
    </ClInclude>
    <ClInclude Include="..\CloudsLibrary\src\StoryEngine\CloudsDichotomy.h">
      <Filter>CloudsLibrary\src\StoryEngine</Filter>
    </ClInclude>
    <ClInclude Include="..\CloudsLibrary\src\StoryEngine\CloudsFCPParser.h">
      <Filter>CloudsLibrary\src\StoryEngine</Filter>
    </ClInclude>
    <ClInclude Include="..\CloudsLibrary\src\StoryEngine\CloudsLink.h">
      <Filter>CloudsLibrary\src\StoryEngine</Filter>
    </ClInclude>
    <ClInclude Include="..\CloudsLibrary\src\StoryEngine\CloudsSpeaker.h">
      <Filter>CloudsLibrary\src\StoryEngine</Filter>
    </ClInclude>
    <ClInclude Include="..\CloudsLibrary\src\CloudsEvents.h">
      <Filter>CloudsLibrary\src</Filter>
    </ClInclude>
    <ClInclude Include="..\CloudsLibrary\src\CloudsGlobal.h">
      <Filter>CloudsLibrary\src</Filter>
    </ClInclude>
    <ClInclude Include="..\CloudsLibrary\src\CloudsLocalization.h">
      <Filter>CloudsLibrary\src</Filter>
    </ClInclude>
    <ClInclude Include="..\CloudsLibrary\src\VisualSystemsLibrary\CloudsRGBDCamera.h">
      <Filter>CloudsLibrary\src\VisualSystemsLibrary</Filter>
    </ClInclude>
    <ClInclude Include="..\CloudsLibrary\src\VisualSystemsLibrary\CloudsRGBDVideoPlayer.h">
      <Filter>CloudsLibrary\src\VisualSystemsLibrary</Filter>
    </ClInclude>
    <ClInclude Include="..\CloudsLibrary\src\VisualSystemsLibrary\CloudsVisualSystem.h">
      <Filter>CloudsLibrary\src\VisualSystemsLibrary</Filter>
    </ClInclude>
    <ClInclude Include="..\CloudsLibrary\src\VisualSystemsLibrary\ofxLight.h">
      <Filter>CloudsLibrary\src\VisualSystemsLibrary</Filter>
    </ClInclude>
    <ClInclude Include="..\..\..\addons\ofxSubtitles\src\ofxSubtitles.h">
      <Filter>addons\ofxSubtitles\src</Filter>
    </ClInclude>
    <ClInclude Include="..\..\..\addons\ofxSubtitles\src\ofxSubtitleUnit.h">
      <Filter>addons\ofxSubtitles\src</Filter>
    </ClInclude>
    <ClInclude Include="..\..\..\addons\ofxLocalization\src\ofxLocalization.h">
      <Filter>addons\ofxLocalization</Filter>
    </ClInclude>
    <ClInclude Include="..\CloudsLibrary\src\Input\CloudsInputMouse.h">
      <Filter>CloudsLibrary\src\Input</Filter>
    </ClInclude>
    <ClInclude Include="..\CloudsLibrary\src\Input\CloudsInput.h">
      <Filter>CloudsLibrary\src\Input</Filter>
    </ClInclude>
    <ClInclude Include="..\CloudsLibrary\src\Input\CloudsInputEvents.h">
      <Filter>CloudsLibrary\src\Input</Filter>
    </ClInclude>
  </ItemGroup>
</Project>