<?xml version="1.0" encoding="utf-8"?>
<Project ToolsVersion="4.0" xmlns="http://schemas.microsoft.com/developer/msbuild/2003">
  <ItemGroup>
    <ClCompile Include="src\testApp.cpp">
      <Filter>src</Filter>
    </ClCompile>
    <ClCompile Include="src\main.cpp">
      <Filter>src</Filter>
    </ClCompile>
    <ClCompile Include="..\..\..\addons\ofxKinectCommonBridge\src\ofxKinectCommonBridge.cpp">
      <Filter>addons\ofxKinectCommonBridge\src</Filter>
    </ClCompile>
    <ClCompile Include="..\..\..\addons\ofxOsc\libs\oscpack\src\ip\win32\NetworkingUtilsWin.cpp">
      <Filter>addons\ofxOsc\libs\oscpack\src\ip\win32</Filter>
    </ClCompile>
    <ClCompile Include="..\..\..\addons\ofxOsc\libs\oscpack\src\ip\win32\UdpSocketWin.cpp">
      <Filter>addons\ofxOsc\libs\oscpack\src\ip\win32</Filter>
    </ClCompile>
    <ClCompile Include="..\..\..\addons\ofxOsc\libs\oscpack\src\ip\IpEndpointName.cpp">
      <Filter>addons\ofxOsc\libs\oscpack\src\ip</Filter>
    </ClCompile>
    <ClCompile Include="..\..\..\addons\ofxOsc\libs\oscpack\src\osc\OscPrintReceivedElements.cpp">
      <Filter>addons\ofxOsc\libs\oscpack\src\osc</Filter>
    </ClCompile>
    <ClCompile Include="..\..\..\addons\ofxOsc\libs\oscpack\src\osc\OscReceivedElements.cpp">
      <Filter>addons\ofxOsc\libs\oscpack\src\osc</Filter>
    </ClCompile>
    <ClCompile Include="..\..\..\addons\ofxOsc\libs\oscpack\src\osc\OscTypes.cpp">
      <Filter>addons\ofxOsc\libs\oscpack\src\osc</Filter>
    </ClCompile>
    <ClCompile Include="..\..\..\addons\ofxOsc\libs\oscpack\src\osc\OscOutboundPacketStream.cpp">
      <Filter>addons\ofxOsc\libs\oscpack\src\osc</Filter>
    </ClCompile>
    <ClCompile Include="..\..\..\addons\ofxOsc\src\ofxOscReceiver.cpp">
      <Filter>addons\ofxOsc\src</Filter>
    </ClCompile>
    <ClCompile Include="..\..\..\addons\ofxOsc\src\ofxOscSender.cpp">
      <Filter>addons\ofxOsc\src</Filter>
    </ClCompile>
    <ClCompile Include="..\..\..\addons\ofxOsc\src\ofxOscBundle.cpp">
      <Filter>addons\ofxOsc\src</Filter>
    </ClCompile>
    <ClCompile Include="..\..\..\addons\ofxOsc\src\ofxOscMessage.cpp">
      <Filter>addons\ofxOsc\src</Filter>
    </ClCompile>
    <ClCompile Include="..\..\..\addons\ofxOsc\src\ofxOscParameterSync.cpp">
      <Filter>addons\ofxOsc\src</Filter>
    </ClCompile>
    <ClCompile Include="..\..\..\addons\ofxOsc\libs\oscpack\src\ip\posix\NetworkingUtils.cpp">
      <Filter>addons\ofxOsc\libs\oscpack\src\ip\posix</Filter>
    </ClCompile>
    <ClCompile Include="..\..\..\addons\ofxOsc\libs\oscpack\src\ip\posix\UdpSocket.cpp">
      <Filter>addons\ofxOsc\libs\oscpack\src\ip\posix</Filter>
    </ClCompile>
  </ItemGroup>
  <ItemGroup>
    <Filter Include="src">
      <UniqueIdentifier>{d8376475-7454-4a24-b08a-aac121d3ad6f}</UniqueIdentifier>
    </Filter>
    <Filter Include="addons">
      <UniqueIdentifier>{670d0546-6c3d-4fda-941c-a8df8208ce0f}</UniqueIdentifier>
    </Filter>
    <Filter Include="addons\ofxKinectCommonBridge">
      <UniqueIdentifier>{f2179dd2-f5ef-4a43-98d6-13d95308b454}</UniqueIdentifier>
    </Filter>
    <Filter Include="addons\ofxKinectCommonBridge\src">
      <UniqueIdentifier>{e5806584-cc23-4b1c-857a-51fbab606cb3}</UniqueIdentifier>
    </Filter>
    <Filter Include="addons\ofxKinectCommonBridge\libs">
      <UniqueIdentifier>{3e4381c2-0fee-43e5-8523-ceb59c8d8efd}</UniqueIdentifier>
    </Filter>
    <Filter Include="addons\ofxKinectCommonBridge\libs\KinectCommonBridge">
      <UniqueIdentifier>{5f170295-0b14-4e2b-8216-92624053b1f4}</UniqueIdentifier>
    </Filter>
    <Filter Include="addons\ofxKinectCommonBridge\libs\KinectCommonBridge\include">
      <UniqueIdentifier>{0cdcefdf-9cfd-44f0-9496-a180eb8ce465}</UniqueIdentifier>
    </Filter>
    <Filter Include="addons\ofxOsc">
      <UniqueIdentifier>{e89cf0b6-dfc4-4f04-bb03-308b68f16adb}</UniqueIdentifier>
    </Filter>
    <Filter Include="addons\ofxOsc\src">
      <UniqueIdentifier>{91a297d0-3118-473a-9b1d-b2a5e6a8ef65}</UniqueIdentifier>
    </Filter>
    <Filter Include="addons\ofxOsc\libs">
      <UniqueIdentifier>{ff3e8b80-80a3-4c21-9e25-d6690288f513}</UniqueIdentifier>
    </Filter>
    <Filter Include="addons\ofxOsc\libs\oscpack">
      <UniqueIdentifier>{cdaeba26-82d3-46df-bc5b-cadcfd9556f7}</UniqueIdentifier>
    </Filter>
    <Filter Include="addons\ofxOsc\libs\oscpack\src">
      <UniqueIdentifier>{7b8a0a90-ddc2-47a7-81ba-b21ea011a3c2}</UniqueIdentifier>
    </Filter>
    <Filter Include="addons\ofxOsc\libs\oscpack\src\ip">
      <UniqueIdentifier>{8ab72bb6-0435-44d2-af61-53f50a8e0ba1}</UniqueIdentifier>
    </Filter>
    <Filter Include="addons\ofxOsc\libs\oscpack\src\osc">
      <UniqueIdentifier>{9fd84cea-bc6a-403c-92c4-b4cee0d6039b}</UniqueIdentifier>
    </Filter>
    <Filter Include="addons\ofxOsc\libs\oscpack\src\ip\win32">
      <UniqueIdentifier>{9f3e0374-190c-4658-b1f1-2dbabd4f0a6b}</UniqueIdentifier>
    </Filter>
    <Filter Include="addons\ofxOsc\libs\oscpack\src\ip\posix">
      <UniqueIdentifier>{c3ce9760-b712-4be9-b10d-d9ca03a32e1d}</UniqueIdentifier>
    </Filter>
  </ItemGroup>
  <ItemGroup>
    <ClInclude Include="src\testApp.h">
      <Filter>src</Filter>
    </ClInclude>
    <ClInclude Include="..\..\..\addons\ofxKinectCommonBridge\src\ofxKinectCommonBridge.h">
      <Filter>addons\ofxKinectCommonBridge\src</Filter>
    </ClInclude>
    <ClInclude Include="..\..\..\addons\ofxKinectCommonBridge\libs\KinectCommonBridge\include\KinectCommonBridgeLib.h">
      <Filter>addons\ofxKinectCommonBridge\libs\KinectCommonBridge\include</Filter>
    </ClInclude>
    <ClInclude Include="..\..\..\addons\ofxOsc\libs\oscpack\src\ip\NetworkingUtils.h">
      <Filter>addons\ofxOsc\libs\oscpack\src\ip</Filter>
    </ClInclude>
    <ClInclude Include="..\..\..\addons\ofxOsc\libs\oscpack\src\ip\PacketListener.h">
      <Filter>addons\ofxOsc\libs\oscpack\src\ip</Filter>
    </ClInclude>
    <ClInclude Include="..\..\..\addons\ofxOsc\libs\oscpack\src\ip\TimerListener.h">
      <Filter>addons\ofxOsc\libs\oscpack\src\ip</Filter>
    </ClInclude>
    <ClInclude Include="..\..\..\addons\ofxOsc\libs\oscpack\src\ip\UdpSocket.h">
      <Filter>addons\ofxOsc\libs\oscpack\src\ip</Filter>
    </ClInclude>
    <ClInclude Include="..\..\..\addons\ofxOsc\libs\oscpack\src\ip\IpEndpointName.h">
      <Filter>addons\ofxOsc\libs\oscpack\src\ip</Filter>
    </ClInclude>
    <ClInclude Include="..\..\..\addons\ofxOsc\libs\oscpack\src\osc\OscPrintReceivedElements.h">
      <Filter>addons\ofxOsc\libs\oscpack\src\osc</Filter>
    </ClInclude>
    <ClInclude Include="..\..\..\addons\ofxOsc\libs\oscpack\src\osc\OscReceivedElements.h">
      <Filter>addons\ofxOsc\libs\oscpack\src\osc</Filter>
    </ClInclude>
    <ClInclude Include="..\..\..\addons\ofxOsc\libs\oscpack\src\osc\OscTypes.h">
      <Filter>addons\ofxOsc\libs\oscpack\src\osc</Filter>
    </ClInclude>
    <ClInclude Include="..\..\..\addons\ofxOsc\libs\oscpack\src\osc\MessageMappingOscPacketListener.h">
      <Filter>addons\ofxOsc\libs\oscpack\src\osc</Filter>
    </ClInclude>
    <ClInclude Include="..\..\..\addons\ofxOsc\libs\oscpack\src\osc\OscException.h">
      <Filter>addons\ofxOsc\libs\oscpack\src\osc</Filter>
    </ClInclude>
    <ClInclude Include="..\..\..\addons\ofxOsc\libs\oscpack\src\osc\OscHostEndianness.h">
      <Filter>addons\ofxOsc\libs\oscpack\src\osc</Filter>
    </ClInclude>
    <ClInclude Include="..\..\..\addons\ofxOsc\libs\oscpack\src\osc\OscOutboundPacketStream.h">
      <Filter>addons\ofxOsc\libs\oscpack\src\osc</Filter>
    </ClInclude>
    <ClInclude Include="..\..\..\addons\ofxOsc\libs\oscpack\src\osc\OscPacketListener.h">
      <Filter>addons\ofxOsc\libs\oscpack\src\osc</Filter>
    </ClInclude>
    <ClInclude Include="..\..\..\addons\ofxOsc\src\ofxOscReceiver.h">
      <Filter>addons\ofxOsc\src</Filter>
    </ClInclude>
    <ClInclude Include="..\..\..\addons\ofxOsc\src\ofxOscSender.h">
      <Filter>addons\ofxOsc\src</Filter>
    </ClInclude>
    <ClInclude Include="..\..\..\addons\ofxOsc\src\ofxOsc.h">
      <Filter>addons\ofxOsc\src</Filter>
    </ClInclude>
    <ClInclude Include="..\..\..\addons\ofxOsc\src\ofxOscArg.h">
      <Filter>addons\ofxOsc\src</Filter>
    </ClInclude>
    <ClInclude Include="..\..\..\addons\ofxOsc\src\ofxOscBundle.h">
      <Filter>addons\ofxOsc\src</Filter>
    </ClInclude>
    <ClInclude Include="..\..\..\addons\ofxOsc\src\ofxOscMessage.h">
      <Filter>addons\ofxOsc\src</Filter>
    </ClInclude>
    <ClInclude Include="..\..\..\addons\ofxOsc\src\ofxOscParameterSync.h">
      <Filter>addons\ofxOsc\src</Filter>
    </ClInclude>
  </ItemGroup>
  <ItemGroup>
    <ResourceCompile Include="icon.rc" />
  </ItemGroup>
</Project>