<?xml version="1.0" encoding="utf-8"?>
<Project ToolsVersion="4.0" xmlns="http://schemas.microsoft.com/developer/msbuild/2003">
  <ItemGroup>
    <ClCompile Include="src\testApp.cpp">
      <Filter>src</Filter>
    </ClCompile>
    <ClCompile Include="src\main.cpp">
      <Filter>src</Filter>
    </ClCompile>
    <ClCompile Include="src\main.cpp">
      <Filter>src</Filter>
    </ClCompile>
    <ClCompile Include="src\testApp.cpp">
      <Filter>src</Filter>
    </ClCompile>
    <ClCompile Include="..\..\..\addons\ofxCameraSaveLoad\src\ofxCameraSaveLoad.cpp">
      <Filter>addons\ofxCameraSaveLoad\src</Filter>
    </ClCompile>
    <ClCompile Include="..\CloudsLibrary\src\VisualSystemsLibrary\CloudsRGBDCamera.cpp">
      <Filter>CloudsLibrary\src\VisualSystemsLibrary</Filter>
    </ClCompile>
    <ClCompile Include="..\CloudsLibrary\src\VisualSystemsLibrary\CloudsRGBDVideoPlayer.cpp">
      <Filter>CloudsLibrary\src\VisualSystemsLibrary</Filter>
    </ClCompile>
    <ClCompile Include="..\CloudsLibrary\src\VisualSystemsLibrary\CloudsVisualSystem.cpp">
      <Filter>CloudsLibrary\src\VisualSystemsLibrary</Filter>
    </ClCompile>
    <ClCompile Include="..\CloudsLibrary\src\VisualSystems\Ripples\vs_src\CloudsVisualSystemRipples.cpp">
      <Filter>CloudsLibrary\src\VisualSystems\Ripples\vs_src</Filter>
    </ClCompile>
    <ClCompile Include="..\CloudsLibrary\src\Sound\CloudsAudioEvents.cpp">
      <Filter>CloudsLibrary\src\Sound</Filter>
    </ClCompile>
    <ClCompile Include="..\CloudsLibrary\src\Sound\CloudsMixer.cpp">
      <Filter>CloudsLibrary\src\Sound</Filter>
    </ClCompile>
    <ClCompile Include="..\CloudsLibrary\src\Input\CloudsInput.cpp">
      <Filter>CloudsLibrary\src\Input</Filter>
    </ClCompile>
    <ClCompile Include="..\CloudsLibrary\src\Input\CloudsInputMouse.cpp">
      <Filter>CloudsLibrary\src\Input</Filter>
    </ClCompile>
    <ClCompile Include="..\..\..\addons\ofxLocalization\src\ofxLocalization.cpp">
      <Filter>addons\ofxLocalization\src</Filter>
    </ClCompile>
    <ClCompile Include="..\..\..\addons\ofxSubtitles\src\ofxSubtitles.cpp">
      <Filter>addons\ofxSubtitles\src</Filter>
    </ClCompile>
    <ClCompile Include="..\..\..\addons\ofxSubtitles\src\ofxSubtitleUnit.cpp">
      <Filter>addons\ofxSubtitles\src</Filter>
    </ClCompile>
    <ClCompile Include="..\..\..\addons\ofxFTGL\src\ofxFTGLFont.cpp">
      <Filter>addons\ofxFTGL\src</Filter>
    </ClCompile>
    <ClCompile Include="..\..\..\addons\ofxFTGL\src\ofxFTGLSimpleLayout.cpp">
      <Filter>addons\ofxFTGL\src</Filter>
    </ClCompile>
    <ClCompile Include="..\CloudsLibrary\src\CloudsGlobal.cpp">
      <Filter>CloudsLibrary\src</Filter>
    </ClCompile>
    <ClCompile Include="..\CloudsLibrary\src\CloudsLocalization.cpp">
      <Filter>CloudsLibrary\src</Filter>
    </ClCompile>
  </ItemGroup>
  <ItemGroup>
    <Filter Include="src">
      <UniqueIdentifier>{d8376475-7454-4a24-b08a-aac121d3ad6f}</UniqueIdentifier>
    </Filter>
    <Filter Include="addons">
      <UniqueIdentifier>{1fdbdf30-aa97-4eef-a39b-2c96ca06558b}</UniqueIdentifier>
    </Filter>
    <Filter Include="addons\ofxCameraSaveLoad">
      <UniqueIdentifier>{b285e277-3392-4c4e-b8a6-3c3bc77e676d}</UniqueIdentifier>
    </Filter>
    <Filter Include="addons\ofxCameraSaveLoad\src">
      <UniqueIdentifier>{5d605218-4505-4cd1-be41-18e4f65f0c63}</UniqueIdentifier>
    </Filter>
    <Filter Include="CloudsLibrary">
      <UniqueIdentifier>{c829bda5-2352-48c1-8e09-d3c35f843240}</UniqueIdentifier>
    </Filter>
    <Filter Include="CloudsLibrary\src">
      <UniqueIdentifier>{e415a9e1-6ca7-4da8-9781-1b19942dae1a}</UniqueIdentifier>
    </Filter>
    <Filter Include="CloudsLibrary\src\VisualSystemsLibrary">
      <UniqueIdentifier>{9d49e904-4ec0-4251-9905-997aab0889e9}</UniqueIdentifier>
    </Filter>
    <Filter Include="CloudsLibrary\src\VisualSystems">
      <UniqueIdentifier>{87dc45d9-4d6e-4052-82e1-f7e04b31188e}</UniqueIdentifier>
    </Filter>
    <Filter Include="CloudsLibrary\src\VisualSystems\Ripples">
      <UniqueIdentifier>{48668dfc-7fcb-4646-ab8a-239cd72486f0}</UniqueIdentifier>
    </Filter>
    <Filter Include="CloudsLibrary\src\VisualSystems\Ripples\vs_src">
      <UniqueIdentifier>{b97b6010-14dc-417d-b1ea-89ea8767f38f}</UniqueIdentifier>
    </Filter>
    <Filter Include="CloudsLibrary\src\Sound">
      <UniqueIdentifier>{28ada4a6-fb0a-4cf2-b419-f29d167ff81d}</UniqueIdentifier>
    </Filter>
    <Filter Include="CloudsLibrary\src\Input">
      <UniqueIdentifier>{9f4facfb-7ab3-4575-be50-f423dcd62bc6}</UniqueIdentifier>
    </Filter>
    <Filter Include="addons\ofxGenerative">
      <UniqueIdentifier>{30cd8d73-9142-4f12-aefb-9b9b616767a1}</UniqueIdentifier>
    </Filter>
    <Filter Include="addons\ofxGenerative\src">
      <UniqueIdentifier>{6ab9f75e-6343-4567-a979-651962f63346}</UniqueIdentifier>
    </Filter>
    <Filter Include="CloudsLibrary\src\StoryEngine">
      <UniqueIdentifier>{f95d2c40-1dcd-4bc7-bd34-4254cb576fd8}</UniqueIdentifier>
    </Filter>
    <Filter Include="addons\ofxSubtitles">
      <UniqueIdentifier>{cb6b20e0-a0c2-465c-8bd7-1553870c1260}</UniqueIdentifier>
    </Filter>
    <Filter Include="addons\ofxLocalization">
      <UniqueIdentifier>{f5e04d65-9667-4e5e-af26-ef177ab6ec87}</UniqueIdentifier>
    </Filter>
    <Filter Include="addons\ofxLocalization\src">
      <UniqueIdentifier>{d9bae954-f3a0-46bb-a679-2f60e108c98e}</UniqueIdentifier>
    </Filter>
    <Filter Include="addons\ofxSubtitles\src">
      <UniqueIdentifier>{b9d266f1-fc76-490e-9a12-ec13cea1bd17}</UniqueIdentifier>
    </Filter>
    <Filter Include="addons\ofxFTGL">
      <UniqueIdentifier>{8597d48d-538d-4ec6-b074-28043b355124}</UniqueIdentifier>
    </Filter>
    <Filter Include="addons\ofxFTGL\src">
      <UniqueIdentifier>{a6e87410-a0b3-4041-a44d-dd1165a043a3}</UniqueIdentifier>
    </Filter>
  </ItemGroup>
  <ItemGroup>
    <ClInclude Include="src\testApp.h">
      <Filter>src</Filter>
    </ClInclude>
    <ClInclude Include="src\testApp.h">
      <Filter>src</Filter>
    </ClInclude>
    <ClInclude Include="..\..\..\addons\ofxCameraSaveLoad\src\ofxCameraSaveLoad.h">
      <Filter>addons\ofxCameraSaveLoad\src</Filter>
    </ClInclude>
    <ClInclude Include="..\CloudsLibrary\src\CloudsGlobal.h">
      <Filter>CloudsLibrary\src</Filter>
    </ClInclude>
    <ClInclude Include="..\CloudsLibrary\src\VisualSystemsLibrary\CloudsRGBDCamera.h">
      <Filter>CloudsLibrary\src\VisualSystemsLibrary</Filter>
    </ClInclude>
    <ClInclude Include="..\CloudsLibrary\src\VisualSystemsLibrary\CloudsRGBDVideoPlayer.h">
      <Filter>CloudsLibrary\src\VisualSystemsLibrary</Filter>
    </ClInclude>
    <ClInclude Include="..\CloudsLibrary\src\VisualSystemsLibrary\CloudsVisualSystem.h">
      <Filter>CloudsLibrary\src\VisualSystemsLibrary</Filter>
    </ClInclude>
    <ClInclude Include="..\CloudsLibrary\src\VisualSystemsLibrary\ofxLight.h">
      <Filter>CloudsLibrary\src\VisualSystemsLibrary</Filter>
    </ClInclude>
    <ClInclude Include="..\CloudsLibrary\src\VisualSystems\Ripples\vs_src\CloudsVisualSystemRipples.h">
      <Filter>CloudsLibrary\src\VisualSystems\Ripples\vs_src</Filter>
    </ClInclude>
    <ClInclude Include="..\CloudsLibrary\src\Sound\CloudsAudioEvents.h">
      <Filter>CloudsLibrary\src\Sound</Filter>
    </ClInclude>
    <ClInclude Include="..\CloudsLibrary\src\Sound\CloudsMixer.h">
      <Filter>CloudsLibrary\src\Sound</Filter>
    </ClInclude>
    <ClInclude Include="..\CloudsLibrary\src\Input\CloudsInput.h">
      <Filter>CloudsLibrary\src\Input</Filter>
    </ClInclude>
    <ClInclude Include="..\CloudsLibrary\src\Input\CloudsInputEvents.h">
      <Filter>CloudsLibrary\src\Input</Filter>
    </ClInclude>
    <ClInclude Include="..\CloudsLibrary\src\Input\CloudsInputMouse.h">
      <Filter>CloudsLibrary\src\Input</Filter>
    </ClInclude>
    <ClInclude Include="..\..\..\addons\ofxGenerative\src\ofx1DExtruder.h">
      <Filter>addons\ofxGenerative\src</Filter>
    </ClInclude>
    <ClInclude Include="..\CloudsLibrary\src\StoryEngine\CloudsEvents.h">
      <Filter>CloudsLibrary\src\StoryEngine</Filter>
    </ClInclude>
    <ClInclude Include="..\..\..\addons\ofxLocalization\src\ofxLocalization.h">
      <Filter>addons\ofxLocalization\src</Filter>
    </ClInclude>
    <ClInclude Include="..\..\..\addons\ofxSubtitles\src\ofxSubtitles.h">
      <Filter>addons\ofxSubtitles\src</Filter>
    </ClInclude>
    <ClInclude Include="..\..\..\addons\ofxSubtitles\src\ofxSubtitleUnit.h">
      <Filter>addons\ofxSubtitles\src</Filter>
    </ClInclude>
    <ClInclude Include="..\..\..\addons\ofxFTGL\src\ofxFTGL.h">
      <Filter>addons\ofxFTGL\src</Filter>
    </ClInclude>
    <ClInclude Include="..\..\..\addons\ofxFTGL\src\ofxFTGLFont.h">
      <Filter>addons\ofxFTGL\src</Filter>
    </ClInclude>
    <ClInclude Include="..\..\..\addons\ofxFTGL\src\ofxFTGLSimpleLayout.h">
      <Filter>addons\ofxFTGL\src</Filter>
    </ClInclude>
    <ClInclude Include="..\CloudsLibrary\src\CloudsEvents.h">
      <Filter>CloudsLibrary\src</Filter>
    </ClInclude>
    <ClInclude Include="..\CloudsLibrary\src\CloudsLocalization.h">
      <Filter>CloudsLibrary\src</Filter>
    </ClInclude>
  </ItemGroup>
  <ItemGroup>
    <ResourceCompile Include="icon.rc" />
  </ItemGroup>
</Project>