<?xml version="1.0" encoding="utf-8"?>
<Project ToolsVersion="4.0" xmlns="http://schemas.microsoft.com/developer/msbuild/2003">
  <ItemGroup>
    <ClCompile Include="src\testApp.cpp">
      <Filter>src</Filter>
    </ClCompile>
    <ClCompile Include="src\main.cpp">
      <Filter>src</Filter>
    </ClCompile>
    <ClCompile Include="..\..\..\addons\ofxFTGL\src\ofxFTGLFont.cpp">
      <Filter>addons\ofxFTGL\src</Filter>
    </ClCompile>
    <ClCompile Include="..\..\..\addons\ofxFTGL\src\ofxFTGLSimpleLayout.cpp">
      <Filter>addons\ofxFTGL\src</Filter>
    </ClCompile>
    <ClCompile Include="..\..\..\addons\ofxObjLoader\src\ofxObjLoader.cpp">
      <Filter>addons\ofxObjLoader\src</Filter>
    </ClCompile>
    <ClCompile Include="..\CloudsLibrary\src\VisualSystemsLibrary\CloudsRGBDCamera.cpp">
      <Filter>CloudsLibrary\src\VisualSystemsLibrary</Filter>
    </ClCompile>
    <ClCompile Include="..\CloudsLibrary\src\VisualSystemsLibrary\CloudsVisualSystem.cpp">
      <Filter>CloudsLibrary\src\VisualSystemsLibrary</Filter>
    </ClCompile>
    <ClCompile Include="..\..\..\addons\ofxCameraSaveLoad\src\ofxCameraSaveLoad.cpp">
      <Filter>addons\ofxCameraSaveLoad</Filter>
    </ClCompile>
    <ClCompile Include="..\..\..\addons\ofxGenerative\src\ofxBehavior.cpp">
      <Filter>addons\ofxGenerative\src</Filter>
    </ClCompile>
    <ClCompile Include="..\..\..\addons\ofxGenerative\src\ofxBufferEffectorBehavior.cpp">
      <Filter>addons\ofxGenerative\src</Filter>
    </ClCompile>
    <ClCompile Include="..\..\..\addons\ofxGenerative\src\ofxDamperBehavior.cpp">
      <Filter>addons\ofxGenerative\src</Filter>
    </ClCompile>
    <ClCompile Include="..\..\..\addons\ofxGenerative\src\ofxDistorterBehavior.cpp">
      <Filter>addons\ofxGenerative\src</Filter>
    </ClCompile>
    <ClCompile Include="..\..\..\addons\ofxGenerative\src\ofxElectroStaticBehavior.cpp">
      <Filter>addons\ofxGenerative\src</Filter>
    </ClCompile>
    <ClCompile Include="..\..\..\addons\ofxGenerative\src\ofxField2D.cpp">
      <Filter>addons\ofxGenerative\src</Filter>
    </ClCompile>
    <ClCompile Include="..\..\..\addons\ofxGenerative\src\ofxHomingBehavior.cpp">
      <Filter>addons\ofxGenerative\src</Filter>
    </ClCompile>
    <ClCompile Include="..\..\..\addons\ofxGenerative\src\ofxLorentzBehavior.cpp">
      <Filter>addons\ofxGenerative\src</Filter>
    </ClCompile>
    <ClCompile Include="..\..\..\addons\ofxGenerative\src\ofxPerlinBehavior.cpp">
      <Filter>addons\ofxGenerative\src</Filter>
    </ClCompile>
    <ClCompile Include="..\..\..\addons\ofxGenerative\src\ofxRParticle.cpp">
      <Filter>addons\ofxGenerative\src</Filter>
    </ClCompile>
    <ClCompile Include="..\..\..\addons\ofxGenerative\src\ofxRParticleGlowieRenderer.cpp">
      <Filter>addons\ofxGenerative\src</Filter>
    </ClCompile>
    <ClCompile Include="..\..\..\addons\ofxGenerative\src\ofxRParticleRenderer.cpp">
      <Filter>addons\ofxGenerative\src</Filter>
    </ClCompile>
    <ClCompile Include="..\..\..\addons\ofxGenerative\src\ofxRParticleSystem.cpp">
      <Filter>addons\ofxGenerative\src</Filter>
    </ClCompile>
    <ClCompile Include="..\..\..\addons\ofxGenerative\src\ofxSolver.cpp">
      <Filter>addons\ofxGenerative\src</Filter>
    </ClCompile>
    <ClCompile Include="..\..\..\addons\ofxGenerative\src\ofxSphericalAttractionBehavior.cpp">
      <Filter>addons\ofxGenerative\src</Filter>
    </ClCompile>
    <ClCompile Include="..\..\..\addons\ofxGenerative\src\ofxSwarmBehavior.cpp">
      <Filter>addons\ofxGenerative\src</Filter>
    </ClCompile>
    <ClCompile Include="..\..\..\addons\ofxGenerative\src\ofxVerletSolver.cpp">
      <Filter>addons\ofxGenerative\src</Filter>
    </ClCompile>
    <ClCompile Include="..\..\..\addons\ofxGenerative\src\ofxVortexBehavior.cpp">
      <Filter>addons\ofxGenerative\src</Filter>
    </ClCompile>
    <ClCompile Include="..\CloudsLibrary\src\Input\CloudsInput.cpp">
      <Filter>CloudsLibrary\src\Input</Filter>
    </ClCompile>
    <ClCompile Include="..\CloudsLibrary\src\Input\CloudsInputMouse.cpp">
      <Filter>CloudsLibrary\src\Input</Filter>
    </ClCompile>
    <ClCompile Include="..\..\..\addons\ofxObjLoader\libs\glm\glm.c">
      <Filter>addons\ofxObjLoader\libs\glm</Filter>
    </ClCompile>
    <ClCompile Include="..\CloudsLibrary\src\VisualSystemsLibrary\CloudsRGBDVideoPlayer.cpp">
      <Filter>CloudsLibrary\src\VisualSystemsLibrary</Filter>
    </ClCompile>
    <ClCompile Include="..\CloudsLibrary\src\VisualSystems\Flying\vs_src\CloudsVisualSystemFlying.cpp">
      <Filter>CloudsLibrary\src\VisualSystems\Flying\vs_src</Filter>
    </ClCompile>
    <ClCompile Include="..\CloudsLibrary\src\VisualSystems\Rulez\vs_src\ofxRules\src\Branch.cpp">
      <Filter>CloudsLibrary\src\VisualSystems\Rulez\vs_src\ofxRules\src</Filter>
    </ClCompile>
    <ClCompile Include="..\CloudsLibrary\src\VisualSystems\Rulez\vs_src\ofxRules\src\Rule.cpp">
      <Filter>CloudsLibrary\src\VisualSystems\Rulez\vs_src\ofxRules\src</Filter>
    </ClCompile>
    <ClCompile Include="..\CloudsLibrary\src\VisualSystems\Rulez\vs_src\ofxRules\src\Rules.cpp">
      <Filter>CloudsLibrary\src\VisualSystems\Rulez\vs_src\ofxRules\src</Filter>
    </ClCompile>
    <ClCompile Include="..\CloudsLibrary\src\VisualSystems\Rulez\vs_src\ofxRules\src\RuleSet.cpp">
      <Filter>CloudsLibrary\src\VisualSystems\Rulez\vs_src\ofxRules\src</Filter>
    </ClCompile>
    <ClCompile Include="..\CloudsLibrary\src\VisualSystems\Rulez\vs_src\ofxRules\src\actions\Action.cpp">
      <Filter>CloudsLibrary\src\VisualSystems\Rulez\vs_src\ofxRules\src\actions</Filter>
    </ClCompile>
    <ClCompile Include="..\CloudsLibrary\src\VisualSystems\Rulez\vs_src\ofxRules\src\actions\ConeAction.cpp">
      <Filter>CloudsLibrary\src\VisualSystems\Rulez\vs_src\ofxRules\src\actions</Filter>
    </ClCompile>
    <ClCompile Include="..\CloudsLibrary\src\VisualSystems\Rulez\vs_src\ofxRules\src\actions\CubeAction.cpp">
      <Filter>CloudsLibrary\src\VisualSystems\Rulez\vs_src\ofxRules\src\actions</Filter>
    </ClCompile>
    <ClCompile Include="..\CloudsLibrary\src\VisualSystems\Rulez\vs_src\ofxRules\src\actions\IcosphereAction.cpp">
      <Filter>CloudsLibrary\src\VisualSystems\Rulez\vs_src\ofxRules\src\actions</Filter>
    </ClCompile>
    <ClCompile Include="..\CloudsLibrary\src\VisualSystems\Rulez\vs_src\ofxRules\src\actions\LineAction.cpp">
      <Filter>CloudsLibrary\src\VisualSystems\Rulez\vs_src\ofxRules\src\actions</Filter>
    </ClCompile>
    <ClCompile Include="..\CloudsLibrary\src\VisualSystems\Rulez\vs_src\ofxRules\src\actions\PlaneAction.cpp">
      <Filter>CloudsLibrary\src\VisualSystems\Rulez\vs_src\ofxRules\src\actions</Filter>
    </ClCompile>
    <ClCompile Include="..\CloudsLibrary\src\VisualSystems\Rulez\vs_src\ofxRules\src\actions\PointAction.cpp">
      <Filter>CloudsLibrary\src\VisualSystems\Rulez\vs_src\ofxRules\src\actions</Filter>
    </ClCompile>
    <ClCompile Include="..\CloudsLibrary\src\VisualSystems\Rulez\vs_src\ofxRules\src\actions\SphereAction.cpp">
      <Filter>CloudsLibrary\src\VisualSystems\Rulez\vs_src\ofxRules\src\actions</Filter>
    </ClCompile>
    <ClCompile Include="..\CloudsLibrary\src\VisualSystems\Rulez\vs_src\ofxRules\src\actions\StopAction.cpp">
      <Filter>CloudsLibrary\src\VisualSystems\Rulez\vs_src\ofxRules\src\actions</Filter>
    </ClCompile>
    <ClCompile Include="..\CloudsLibrary\src\VisualSystems\Rulez\vs_src\ofxRules\src\actions\TransformAction.cpp">
      <Filter>CloudsLibrary\src\VisualSystems\Rulez\vs_src\ofxRules\src\actions</Filter>
    </ClCompile>
    <ClCompile Include="..\CloudsLibrary\src\VisualSystems\Rulez\vs_src\ofxRules\src\actions\TubeAction.cpp">
      <Filter>CloudsLibrary\src\VisualSystems\Rulez\vs_src\ofxRules\src\actions</Filter>
    </ClCompile>
    <ClCompile Include="..\..\..\addons\ofxPostProcessing\src\SSAOPass.cpp">
      <Filter>addons\ofxPostProcessing\src</Filter>
    </ClCompile>
    <ClCompile Include="..\..\..\addons\ofxPostProcessing\src\ToonPass.cpp">
      <Filter>addons\ofxPostProcessing\src</Filter>
    </ClCompile>
    <ClCompile Include="..\..\..\addons\ofxPostProcessing\src\VerticalTiltShifPass.cpp">
      <Filter>addons\ofxPostProcessing\src</Filter>
    </ClCompile>
    <ClCompile Include="..\..\..\addons\ofxPostProcessing\src\ZoomBlurPass.cpp">
      <Filter>addons\ofxPostProcessing\src</Filter>
    </ClCompile>
    <ClCompile Include="..\..\..\addons\ofxPostProcessing\src\BleachBypassPass.cpp">
      <Filter>addons\ofxPostProcessing\src</Filter>
    </ClCompile>
    <ClCompile Include="..\..\..\addons\ofxPostProcessing\src\BloomPass.cpp">
      <Filter>addons\ofxPostProcessing\src</Filter>
    </ClCompile>
    <ClCompile Include="..\..\..\addons\ofxPostProcessing\src\ContrastPass.cpp">
      <Filter>addons\ofxPostProcessing\src</Filter>
    </ClCompile>
    <ClCompile Include="..\..\..\addons\ofxPostProcessing\src\ConvolutionPass.cpp">
      <Filter>addons\ofxPostProcessing\src</Filter>
    </ClCompile>
    <ClCompile Include="..\..\..\addons\ofxPostProcessing\src\DofAltPass.cpp">
      <Filter>addons\ofxPostProcessing\src</Filter>
    </ClCompile>
    <ClCompile Include="..\..\..\addons\ofxPostProcessing\src\DofPass.cpp">
      <Filter>addons\ofxPostProcessing\src</Filter>
    </ClCompile>
    <ClCompile Include="..\..\..\addons\ofxPostProcessing\src\EdgePass.cpp">
      <Filter>addons\ofxPostProcessing\src</Filter>
    </ClCompile>
    <ClCompile Include="..\..\..\addons\ofxPostProcessing\src\FakeSSSPass.cpp">
      <Filter>addons\ofxPostProcessing\src</Filter>
    </ClCompile>
    <ClCompile Include="..\..\..\addons\ofxPostProcessing\src\FxaaPass.cpp">
      <Filter>addons\ofxPostProcessing\src</Filter>
    </ClCompile>
    <ClCompile Include="..\..\..\addons\ofxPostProcessing\src\GodRaysPass.cpp">
      <Filter>addons\ofxPostProcessing\src</Filter>
    </ClCompile>
    <ClCompile Include="..\..\..\addons\ofxPostProcessing\src\HorizontalTiltShifPass.cpp">
      <Filter>addons\ofxPostProcessing\src</Filter>
    </ClCompile>
    <ClCompile Include="..\..\..\addons\ofxPostProcessing\src\KaleidoscopePass.cpp">
      <Filter>addons\ofxPostProcessing\src</Filter>
    </ClCompile>
    <ClCompile Include="..\..\..\addons\ofxPostProcessing\src\LimbDarkeningPass.cpp">
      <Filter>addons\ofxPostProcessing\src</Filter>
    </ClCompile>
    <ClCompile Include="..\..\..\addons\ofxPostProcessing\src\LUTPass.cpp">
      <Filter>addons\ofxPostProcessing\src</Filter>
    </ClCompile>
    <ClCompile Include="..\..\..\addons\ofxPostProcessing\src\NoiseWarpPass.cpp">
      <Filter>addons\ofxPostProcessing\src</Filter>
    </ClCompile>
    <ClCompile Include="..\..\..\addons\ofxPostProcessing\src\PixelatePass.cpp">
      <Filter>addons\ofxPostProcessing\src</Filter>
    </ClCompile>
    <ClCompile Include="..\..\..\addons\ofxPostProcessing\src\PostProcessing.cpp">
      <Filter>addons\ofxPostProcessing\src</Filter>
    </ClCompile>
    <ClCompile Include="..\..\..\addons\ofxPostProcessing\src\RenderPass.cpp">
      <Filter>addons\ofxPostProcessing\src</Filter>
    </ClCompile>
    <ClCompile Include="..\..\..\addons\ofxPostProcessing\src\RGBShiftPass.cpp">
      <Filter>addons\ofxPostProcessing\src</Filter>
    </ClCompile>
    <ClCompile Include="..\..\..\addons\ofxPostProcessing\src\RimHighlightingPass.cpp">
      <Filter>addons\ofxPostProcessing\src</Filter>
    </ClCompile>
    <ClCompile Include="..\CloudsLibrary\src\Sound\CloudsAudioEvents.cpp">
      <Filter>CloudsLibrary\src\Sound</Filter>
    </ClCompile>
    <ClCompile Include="..\CloudsLibrary\src\Sound\CloudsMixer.cpp">
      <Filter>CloudsLibrary\src\Sound</Filter>
    </ClCompile>
    <ClCompile Include="..\CloudsLibrary\src\CloudsLocalization.cpp">
      <Filter>CloudsLibrary\src</Filter>
    </ClCompile>
    <ClCompile Include="..\CloudsLibrary\src\CloudsGlobal.cpp">
      <Filter>CloudsLibrary\src</Filter>
    </ClCompile>
    <ClCompile Include="..\..\..\addons\ofxCrypto\src\ofxCrypto.cpp">
      <Filter>addons\ofxCrypto\src</Filter>
    </ClCompile>
    <ClCompile Include="..\..\..\addons\ofxLocalization\src\ofxLocalization.cpp">
      <Filter>addons\ofxLocalization\src</Filter>
    </ClCompile>
    <ClCompile Include="..\..\..\addons\ofxSubtitles\src\ofxSubtitles.cpp">
      <Filter>addons\ofxSubtitles\src</Filter>
    </ClCompile>
    <ClCompile Include="..\..\..\addons\ofxSubtitles\src\ofxSubtitleUnit.cpp">
      <Filter>addons\ofxSubtitles\src</Filter>
    </ClCompile>
  </ItemGroup>
  <ItemGroup>
    <Filter Include="src">
      <UniqueIdentifier>{d8376475-7454-4a24-b08a-aac121d3ad6f}</UniqueIdentifier>
    </Filter>
    <Filter Include="addons">
      <UniqueIdentifier>{014ab87c-b1ee-4040-b3e5-4168bea9bf0c}</UniqueIdentifier>
    </Filter>
    <Filter Include="addons\ofxFTGL">
      <UniqueIdentifier>{f6f83f01-142d-486b-945e-d50972bd9aab}</UniqueIdentifier>
    </Filter>
    <Filter Include="addons\ofxFTGL\src">
      <UniqueIdentifier>{0edaa6ac-2a39-450b-a158-af0ad414ec05}</UniqueIdentifier>
    </Filter>
    <Filter Include="addons\ofxObjLoader">
      <UniqueIdentifier>{5a499287-c163-4448-bf25-f2bc2246199f}</UniqueIdentifier>
    </Filter>
    <Filter Include="addons\ofxObjLoader\src">
      <UniqueIdentifier>{9cd579b6-7f5c-4c5e-bac2-8db6c7e143db}</UniqueIdentifier>
    </Filter>
    <Filter Include="addons\ofxObjLoader\libs">
      <UniqueIdentifier>{e0b4b5ae-87c5-435f-8993-6fc5ed2ac486}</UniqueIdentifier>
    </Filter>
    <Filter Include="CloudsLibrary">
      <UniqueIdentifier>{3f91ef80-5457-40be-b909-0e1182dd2195}</UniqueIdentifier>
    </Filter>
    <Filter Include="CloudsLibrary\src">
      <UniqueIdentifier>{ba3cc539-df88-4086-8928-aabd55c76719}</UniqueIdentifier>
    </Filter>
    <Filter Include="CloudsLibrary\src\VisualSystemsLibrary">
      <UniqueIdentifier>{0fc571d4-f93f-4708-aa1b-f8ad1f57e42e}</UniqueIdentifier>
    </Filter>
    <Filter Include="addons\ofxCameraSaveLoad">
      <UniqueIdentifier>{b198977d-637f-4503-a5c1-33e0d734b23d}</UniqueIdentifier>
    </Filter>
    <Filter Include="addons\ofxGenerative">
      <UniqueIdentifier>{4b606eb2-996a-440d-905e-07ade19c4484}</UniqueIdentifier>
    </Filter>
    <Filter Include="addons\ofxGenerative\src">
      <UniqueIdentifier>{79f0fa72-1b4c-4a8d-8a6c-07b72e084eed}</UniqueIdentifier>
    </Filter>
    <Filter Include="CloudsLibrary\src\VisualSystems">
      <UniqueIdentifier>{4046dd83-344a-485d-8d98-a59dddbe4541}</UniqueIdentifier>
    </Filter>
    <Filter Include="CloudsLibrary\src\Input">
      <UniqueIdentifier>{311161e7-1ae0-42e6-9c73-a0fc0372abf4}</UniqueIdentifier>
    </Filter>
    <Filter Include="addons\ofxObjLoader\libs\glm">
      <UniqueIdentifier>{3c3a084f-1f94-410a-beea-5864fde43503}</UniqueIdentifier>
    </Filter>
    <Filter Include="CloudsLibrary\src\VisualSystems\Flying">
      <UniqueIdentifier>{c6d6e5a1-f831-4f07-9442-226bbd386435}</UniqueIdentifier>
    </Filter>
    <Filter Include="CloudsLibrary\src\VisualSystems\Flying\vs_src">
      <UniqueIdentifier>{a5bd867b-a290-4d82-b6a2-d558ce1ca61f}</UniqueIdentifier>
    </Filter>
    <Filter Include="CloudsLibrary\src\VisualSystems\Rulez">
      <UniqueIdentifier>{87d48532-a8a1-43b6-b07d-db7471041b6f}</UniqueIdentifier>
    </Filter>
    <Filter Include="CloudsLibrary\src\VisualSystems\Rulez\vs_src">
      <UniqueIdentifier>{2f4bd50b-4720-4d45-a4f2-ff6a9d109946}</UniqueIdentifier>
    </Filter>
    <Filter Include="CloudsLibrary\src\VisualSystems\Rulez\vs_src\ofxRules">
      <UniqueIdentifier>{a9e71643-f7f3-41f7-bd05-395c6d3ae990}</UniqueIdentifier>
    </Filter>
    <Filter Include="CloudsLibrary\src\VisualSystems\Rulez\vs_src\ofxRules\src">
      <UniqueIdentifier>{34187dc6-34ab-4e65-963a-e0c36fbffe40}</UniqueIdentifier>
    </Filter>
    <Filter Include="CloudsLibrary\src\VisualSystems\Rulez\vs_src\ofxRules\src\actions">
      <UniqueIdentifier>{708577f8-673c-4f99-b7d4-abc5ca65de3b}</UniqueIdentifier>
    </Filter>
    <Filter Include="addons\ofxPostProcessing">
      <UniqueIdentifier>{4e508b39-5dd0-4fdc-9fd4-49224c475ad0}</UniqueIdentifier>
    </Filter>
    <Filter Include="addons\ofxPostProcessing\src">
      <UniqueIdentifier>{9c7c9fd1-098b-4085-ab10-731fb50c3602}</UniqueIdentifier>
    </Filter>
    <Filter Include="CloudsLibrary\src\Sound">
      <UniqueIdentifier>{93ff702b-ffbd-4581-a60c-900d6b134616}</UniqueIdentifier>
    </Filter>
    <Filter Include="CloudsLibrary\src\VisualSystems\Flying\shaders">
      <UniqueIdentifier>{d8844c37-70d2-49d2-8fbf-970c2d8d7e35}</UniqueIdentifier>
    </Filter>
    <Filter Include="addons\ofxCrypto">
      <UniqueIdentifier>{2d4167ab-ba4d-480c-bc39-fd63e178c765}</UniqueIdentifier>
    </Filter>
    <Filter Include="addons\ofxCrypto\src">
      <UniqueIdentifier>{31735c83-6878-4518-b899-a31738c08087}</UniqueIdentifier>
    </Filter>
    <Filter Include="addons\ofxLocalization">
      <UniqueIdentifier>{fe2b1346-ddd5-4c3a-93d9-8ce098f01e45}</UniqueIdentifier>
    </Filter>
    <Filter Include="addons\ofxLocalization\src">
      <UniqueIdentifier>{de693c58-6e4d-402d-ba8e-4f4b5191f7c6}</UniqueIdentifier>
    </Filter>
    <Filter Include="addons\ofxSubtitles">
      <UniqueIdentifier>{bb63c9d7-f50a-46a3-a7b0-1b9ad56473de}</UniqueIdentifier>
    </Filter>
    <Filter Include="addons\ofxSubtitles\src">
      <UniqueIdentifier>{aa450c71-1d8a-4c71-99e8-75d38665aaa9}</UniqueIdentifier>
    </Filter>
  </ItemGroup>
  <ItemGroup>
    <ClInclude Include="src\testApp.h">
      <Filter>src</Filter>
    </ClInclude>
    <ClInclude Include="..\..\..\addons\ofxFTGL\src\ofxFTGL.h">
      <Filter>addons\ofxFTGL\src</Filter>
    </ClInclude>
    <ClInclude Include="..\..\..\addons\ofxFTGL\src\ofxFTGLFont.h">
      <Filter>addons\ofxFTGL\src</Filter>
    </ClInclude>
    <ClInclude Include="..\..\..\addons\ofxFTGL\src\ofxFTGLSimpleLayout.h">
      <Filter>addons\ofxFTGL\src</Filter>
    </ClInclude>
    <ClInclude Include="..\..\..\addons\ofxObjLoader\src\ofxObjLoader.h">
      <Filter>addons\ofxObjLoader\src</Filter>
    </ClInclude>
    <ClInclude Include="..\CloudsLibrary\src\VisualSystemsLibrary\CloudsRGBDCamera.h">
      <Filter>CloudsLibrary\src\VisualSystemsLibrary</Filter>
    </ClInclude>
    <ClInclude Include="..\CloudsLibrary\src\VisualSystemsLibrary\CloudsVisualSystem.h">
      <Filter>CloudsLibrary\src\VisualSystemsLibrary</Filter>
    </ClInclude>
    <ClInclude Include="..\CloudsLibrary\src\VisualSystemsLibrary\ofxLight.h">
      <Filter>CloudsLibrary\src\VisualSystemsLibrary</Filter>
    </ClInclude>
    <ClInclude Include="..\..\..\addons\ofxCameraSaveLoad\src\ofxCameraSaveLoad.h">
      <Filter>addons\ofxCameraSaveLoad</Filter>
    </ClInclude>
    <ClInclude Include="..\..\..\addons\ofxGenerative\src\ofxVortexBehavior.h">
      <Filter>addons\ofxGenerative\src</Filter>
    </ClInclude>
    <ClInclude Include="..\..\..\addons\ofxGenerative\src\ofx1DExtruder.h">
      <Filter>addons\ofxGenerative\src</Filter>
    </ClInclude>
    <ClInclude Include="..\..\..\addons\ofxGenerative\src\ofxBehavior.h">
      <Filter>addons\ofxGenerative\src</Filter>
    </ClInclude>
    <ClInclude Include="..\..\..\addons\ofxGenerative\src\ofxBoidParticle.h">
      <Filter>addons\ofxGenerative\src</Filter>
    </ClInclude>
    <ClInclude Include="..\..\..\addons\ofxGenerative\src\ofxBoidSystem.h">
      <Filter>addons\ofxGenerative\src</Filter>
    </ClInclude>
    <ClInclude Include="..\..\..\addons\ofxGenerative\src\ofxBufferEffectorBehavior.h">
      <Filter>addons\ofxGenerative\src</Filter>
    </ClInclude>
    <ClInclude Include="..\..\..\addons\ofxGenerative\src\ofxCircle.h">
      <Filter>addons\ofxGenerative\src</Filter>
    </ClInclude>
    <ClInclude Include="..\..\..\addons\ofxGenerative\src\ofxDamperBehavior.h">
      <Filter>addons\ofxGenerative\src</Filter>
    </ClInclude>
    <ClInclude Include="..\..\..\addons\ofxGenerative\src\ofxDistorterBehavior.h">
      <Filter>addons\ofxGenerative\src</Filter>
    </ClInclude>
    <ClInclude Include="..\..\..\addons\ofxGenerative\src\ofxElectroStaticBehavior.h">
      <Filter>addons\ofxGenerative\src</Filter>
    </ClInclude>
    <ClInclude Include="..\..\..\addons\ofxGenerative\src\ofxField2D.h">
      <Filter>addons\ofxGenerative\src</Filter>
    </ClInclude>
    <ClInclude Include="..\..\..\addons\ofxGenerative\src\ofxFieldAgitator.h">
      <Filter>addons\ofxGenerative\src</Filter>
    </ClInclude>
    <ClInclude Include="..\..\..\addons\ofxGenerative\src\ofxGenerative.h">
      <Filter>addons\ofxGenerative\src</Filter>
    </ClInclude>
    <ClInclude Include="..\..\..\addons\ofxGenerative\src\ofxGenericShape.h">
      <Filter>addons\ofxGenerative\src</Filter>
    </ClInclude>
    <ClInclude Include="..\..\..\addons\ofxGenerative\src\ofxHOCParticle.h">
      <Filter>addons\ofxGenerative\src</Filter>
    </ClInclude>
    <ClInclude Include="..\..\..\addons\ofxGenerative\src\ofxHOCParticleSystem.h">
      <Filter>addons\ofxGenerative\src</Filter>
    </ClInclude>
    <ClInclude Include="..\..\..\addons\ofxGenerative\src\ofxHomingBehavior.h">
      <Filter>addons\ofxGenerative\src</Filter>
    </ClInclude>
    <ClInclude Include="..\..\..\addons\ofxGenerative\src\ofxLorentzBehavior.h">
      <Filter>addons\ofxGenerative\src</Filter>
    </ClInclude>
    <ClInclude Include="..\..\..\addons\ofxGenerative\src\ofxParticle.h">
      <Filter>addons\ofxGenerative\src</Filter>
    </ClInclude>
    <ClInclude Include="..\..\..\addons\ofxGenerative\src\ofxParticleSystem.h">
      <Filter>addons\ofxGenerative\src</Filter>
    </ClInclude>
    <ClInclude Include="..\..\..\addons\ofxGenerative\src\ofxParticleTouch.h">
      <Filter>addons\ofxGenerative\src</Filter>
    </ClInclude>
    <ClInclude Include="..\..\..\addons\ofxGenerative\src\ofxPerlinBehavior.h">
      <Filter>addons\ofxGenerative\src</Filter>
    </ClInclude>
    <ClInclude Include="..\..\..\addons\ofxGenerative\src\ofxRezaParticle.h">
      <Filter>addons\ofxGenerative\src</Filter>
    </ClInclude>
    <ClInclude Include="..\..\..\addons\ofxGenerative\src\ofxRezaParticleSystem.h">
      <Filter>addons\ofxGenerative\src</Filter>
    </ClInclude>
    <ClInclude Include="..\..\..\addons\ofxGenerative\src\ofxRParticle.h">
      <Filter>addons\ofxGenerative\src</Filter>
    </ClInclude>
    <ClInclude Include="..\..\..\addons\ofxGenerative\src\ofxRParticleData.h">
      <Filter>addons\ofxGenerative\src</Filter>
    </ClInclude>
    <ClInclude Include="..\..\..\addons\ofxGenerative\src\ofxRParticleGlowieRenderer.h">
      <Filter>addons\ofxGenerative\src</Filter>
    </ClInclude>
    <ClInclude Include="..\..\..\addons\ofxGenerative\src\ofxRParticleRenderer.h">
      <Filter>addons\ofxGenerative\src</Filter>
    </ClInclude>
    <ClInclude Include="..\..\..\addons\ofxGenerative\src\ofxRParticleSystem.h">
      <Filter>addons\ofxGenerative\src</Filter>
    </ClInclude>
    <ClInclude Include="..\..\..\addons\ofxGenerative\src\ofxSmartParticle.h">
      <Filter>addons\ofxGenerative\src</Filter>
    </ClInclude>
    <ClInclude Include="..\..\..\addons\ofxGenerative\src\ofxSmartParticleSystem.h">
      <Filter>addons\ofxGenerative\src</Filter>
    </ClInclude>
    <ClInclude Include="..\..\..\addons\ofxGenerative\src\ofxSolver.h">
      <Filter>addons\ofxGenerative\src</Filter>
    </ClInclude>
    <ClInclude Include="..\..\..\addons\ofxGenerative\src\ofxSphericalAttractionBehavior.h">
      <Filter>addons\ofxGenerative\src</Filter>
    </ClInclude>
    <ClInclude Include="..\..\..\addons\ofxGenerative\src\ofxSpring.h">
      <Filter>addons\ofxGenerative\src</Filter>
    </ClInclude>
    <ClInclude Include="..\..\..\addons\ofxGenerative\src\ofxSpringSystem.h">
      <Filter>addons\ofxGenerative\src</Filter>
    </ClInclude>
    <ClInclude Include="..\..\..\addons\ofxGenerative\src\ofxSuperShape.h">
      <Filter>addons\ofxGenerative\src</Filter>
    </ClInclude>
    <ClInclude Include="..\..\..\addons\ofxGenerative\src\ofxSwarmBehavior.h">
      <Filter>addons\ofxGenerative\src</Filter>
    </ClInclude>
    <ClInclude Include="..\..\..\addons\ofxGenerative\src\ofxTrailParticle.h">
      <Filter>addons\ofxGenerative\src</Filter>
    </ClInclude>
    <ClInclude Include="..\..\..\addons\ofxGenerative\src\ofxVerletSolver.h">
      <Filter>addons\ofxGenerative\src</Filter>
    </ClInclude>
    <ClInclude Include="..\CloudsLibrary\src\Input\CloudsInput.h">
      <Filter>CloudsLibrary\src\Input</Filter>
    </ClInclude>
    <ClInclude Include="..\CloudsLibrary\src\Input\CloudsInputEvents.h">
      <Filter>CloudsLibrary\src\Input</Filter>
    </ClInclude>
    <ClInclude Include="..\CloudsLibrary\src\Input\CloudsInputMouse.h">
      <Filter>CloudsLibrary\src\Input</Filter>
    </ClInclude>
    <ClInclude Include="..\CloudsLibrary\src\CloudsGlobal.h">
      <Filter>CloudsLibrary\src</Filter>
    </ClInclude>
    <ClInclude Include="..\..\..\addons\ofxObjLoader\libs\glm\glm.h">
      <Filter>addons\ofxObjLoader\libs\glm</Filter>
    </ClInclude>
    <ClInclude Include="..\CloudsLibrary\src\VisualSystemsLibrary\CloudsRGBDVideoPlayer.h">
      <Filter>CloudsLibrary\src\VisualSystemsLibrary</Filter>
    </ClInclude>
    <ClInclude Include="..\CloudsLibrary\src\VisualSystems\Flying\vs_src\CloudsVisualSystemFlying.h">
      <Filter>CloudsLibrary\src\VisualSystems\Flying\vs_src</Filter>
    </ClInclude>
    <ClInclude Include="..\CloudsLibrary\src\VisualSystems\Rulez\vs_src\ofxRules\src\Branch.h">
      <Filter>CloudsLibrary\src\VisualSystems\Rulez\vs_src\ofxRules\src</Filter>
    </ClInclude>
    <ClInclude Include="..\CloudsLibrary\src\VisualSystems\Rulez\vs_src\ofxRules\src\ofxRules.h">
      <Filter>CloudsLibrary\src\VisualSystems\Rulez\vs_src\ofxRules\src</Filter>
    </ClInclude>
    <ClInclude Include="..\CloudsLibrary\src\VisualSystems\Rulez\vs_src\ofxRules\src\Rule.h">
      <Filter>CloudsLibrary\src\VisualSystems\Rulez\vs_src\ofxRules\src</Filter>
    </ClInclude>
    <ClInclude Include="..\CloudsLibrary\src\VisualSystems\Rulez\vs_src\ofxRules\src\Rules.h">
      <Filter>CloudsLibrary\src\VisualSystems\Rulez\vs_src\ofxRules\src</Filter>
    </ClInclude>
    <ClInclude Include="..\CloudsLibrary\src\VisualSystems\Rulez\vs_src\ofxRules\src\RuleSet.h">
      <Filter>CloudsLibrary\src\VisualSystems\Rulez\vs_src\ofxRules\src</Filter>
    </ClInclude>
    <ClInclude Include="..\CloudsLibrary\src\VisualSystems\Rulez\vs_src\ofxRules\src\actions\Action.h">
      <Filter>CloudsLibrary\src\VisualSystems\Rulez\vs_src\ofxRules\src\actions</Filter>
    </ClInclude>
    <ClInclude Include="..\CloudsLibrary\src\VisualSystems\Rulez\vs_src\ofxRules\src\actions\ConeAction.h">
      <Filter>CloudsLibrary\src\VisualSystems\Rulez\vs_src\ofxRules\src\actions</Filter>
    </ClInclude>
    <ClInclude Include="..\CloudsLibrary\src\VisualSystems\Rulez\vs_src\ofxRules\src\actions\CubeAction.h">
      <Filter>CloudsLibrary\src\VisualSystems\Rulez\vs_src\ofxRules\src\actions</Filter>
    </ClInclude>
    <ClInclude Include="..\CloudsLibrary\src\VisualSystems\Rulez\vs_src\ofxRules\src\actions\IcosphereAction.h">
      <Filter>CloudsLibrary\src\VisualSystems\Rulez\vs_src\ofxRules\src\actions</Filter>
    </ClInclude>
    <ClInclude Include="..\CloudsLibrary\src\VisualSystems\Rulez\vs_src\ofxRules\src\actions\LineAction.h">
      <Filter>CloudsLibrary\src\VisualSystems\Rulez\vs_src\ofxRules\src\actions</Filter>
    </ClInclude>
    <ClInclude Include="..\CloudsLibrary\src\VisualSystems\Rulez\vs_src\ofxRules\src\actions\PlaneAction.h">
      <Filter>CloudsLibrary\src\VisualSystems\Rulez\vs_src\ofxRules\src\actions</Filter>
    </ClInclude>
    <ClInclude Include="..\CloudsLibrary\src\VisualSystems\Rulez\vs_src\ofxRules\src\actions\PointAction.h">
      <Filter>CloudsLibrary\src\VisualSystems\Rulez\vs_src\ofxRules\src\actions</Filter>
    </ClInclude>
    <ClInclude Include="..\CloudsLibrary\src\VisualSystems\Rulez\vs_src\ofxRules\src\actions\SphereAction.h">
      <Filter>CloudsLibrary\src\VisualSystems\Rulez\vs_src\ofxRules\src\actions</Filter>
    </ClInclude>
    <ClInclude Include="..\CloudsLibrary\src\VisualSystems\Rulez\vs_src\ofxRules\src\actions\StopAction.h">
      <Filter>CloudsLibrary\src\VisualSystems\Rulez\vs_src\ofxRules\src\actions</Filter>
    </ClInclude>
    <ClInclude Include="..\CloudsLibrary\src\VisualSystems\Rulez\vs_src\ofxRules\src\actions\TransformAction.h">
      <Filter>CloudsLibrary\src\VisualSystems\Rulez\vs_src\ofxRules\src\actions</Filter>
    </ClInclude>
    <ClInclude Include="..\CloudsLibrary\src\VisualSystems\Rulez\vs_src\ofxRules\src\actions\TubeAction.h">
      <Filter>CloudsLibrary\src\VisualSystems\Rulez\vs_src\ofxRules\src\actions</Filter>
    </ClInclude>
    <ClInclude Include="..\..\..\addons\ofxPostProcessing\src\RimHighlightingPass.h">
      <Filter>addons\ofxPostProcessing\src</Filter>
    </ClInclude>
    <ClInclude Include="..\..\..\addons\ofxPostProcessing\src\SSAOPass.h">
      <Filter>addons\ofxPostProcessing\src</Filter>
    </ClInclude>
    <ClInclude Include="..\..\..\addons\ofxPostProcessing\src\ToonPass.h">
      <Filter>addons\ofxPostProcessing\src</Filter>
    </ClInclude>
    <ClInclude Include="..\..\..\addons\ofxPostProcessing\src\VerticalTiltShifPass.h">
      <Filter>addons\ofxPostProcessing\src</Filter>
    </ClInclude>
    <ClInclude Include="..\..\..\addons\ofxPostProcessing\src\ZoomBlurPass.h">
      <Filter>addons\ofxPostProcessing\src</Filter>
    </ClInclude>
    <ClInclude Include="..\..\..\addons\ofxPostProcessing\src\BleachBypassPass.h">
      <Filter>addons\ofxPostProcessing\src</Filter>
    </ClInclude>
    <ClInclude Include="..\..\..\addons\ofxPostProcessing\src\BloomPass.h">
      <Filter>addons\ofxPostProcessing\src</Filter>
    </ClInclude>
    <ClInclude Include="..\..\..\addons\ofxPostProcessing\src\ContrastPass.h">
      <Filter>addons\ofxPostProcessing\src</Filter>
    </ClInclude>
    <ClInclude Include="..\..\..\addons\ofxPostProcessing\src\ConvolutionPass.h">
      <Filter>addons\ofxPostProcessing\src</Filter>
    </ClInclude>
    <ClInclude Include="..\..\..\addons\ofxPostProcessing\src\DofAltPass.h">
      <Filter>addons\ofxPostProcessing\src</Filter>
    </ClInclude>
    <ClInclude Include="..\..\..\addons\ofxPostProcessing\src\DofPass.h">
      <Filter>addons\ofxPostProcessing\src</Filter>
    </ClInclude>
    <ClInclude Include="..\..\..\addons\ofxPostProcessing\src\EdgePass.h">
      <Filter>addons\ofxPostProcessing\src</Filter>
    </ClInclude>
    <ClInclude Include="..\..\..\addons\ofxPostProcessing\src\FakeSSSPass.h">
      <Filter>addons\ofxPostProcessing\src</Filter>
    </ClInclude>
    <ClInclude Include="..\..\..\addons\ofxPostProcessing\src\FxaaPass.h">
      <Filter>addons\ofxPostProcessing\src</Filter>
    </ClInclude>
    <ClInclude Include="..\..\..\addons\ofxPostProcessing\src\GodRaysPass.h">
      <Filter>addons\ofxPostProcessing\src</Filter>
    </ClInclude>
    <ClInclude Include="..\..\..\addons\ofxPostProcessing\src\HorizontalTiltShifPass.h">
      <Filter>addons\ofxPostProcessing\src</Filter>
    </ClInclude>
    <ClInclude Include="..\..\..\addons\ofxPostProcessing\src\KaleidoscopePass.h">
      <Filter>addons\ofxPostProcessing\src</Filter>
    </ClInclude>
    <ClInclude Include="..\..\..\addons\ofxPostProcessing\src\LimbDarkeningPass.h">
      <Filter>addons\ofxPostProcessing\src</Filter>
    </ClInclude>
    <ClInclude Include="..\..\..\addons\ofxPostProcessing\src\LUTPass.h">
      <Filter>addons\ofxPostProcessing\src</Filter>
    </ClInclude>
    <ClInclude Include="..\..\..\addons\ofxPostProcessing\src\NoiseWarpPass.h">
      <Filter>addons\ofxPostProcessing\src</Filter>
    </ClInclude>
    <ClInclude Include="..\..\..\addons\ofxPostProcessing\src\ofxPostProcessing.h">
      <Filter>addons\ofxPostProcessing\src</Filter>
    </ClInclude>
    <ClInclude Include="..\..\..\addons\ofxPostProcessing\src\PixelatePass.h">
      <Filter>addons\ofxPostProcessing\src</Filter>
    </ClInclude>
    <ClInclude Include="..\..\..\addons\ofxPostProcessing\src\PostProcessing.h">
      <Filter>addons\ofxPostProcessing\src</Filter>
    </ClInclude>
    <ClInclude Include="..\..\..\addons\ofxPostProcessing\src\RenderPass.h">
      <Filter>addons\ofxPostProcessing\src</Filter>
    </ClInclude>
    <ClInclude Include="..\..\..\addons\ofxPostProcessing\src\RGBShiftPass.h">
      <Filter>addons\ofxPostProcessing\src</Filter>
    </ClInclude>
    <ClInclude Include="..\CloudsLibrary\src\Sound\CloudsAudioEvents.h">
      <Filter>CloudsLibrary\src\Sound</Filter>
    </ClInclude>
    <ClInclude Include="..\CloudsLibrary\src\Sound\CloudsMixer.h">
      <Filter>CloudsLibrary\src\Sound</Filter>
    </ClInclude>
    <ClInclude Include="..\CloudsLibrary\src\CloudsLocalization.h">
      <Filter>CloudsLibrary\src</Filter>
    </ClInclude>
    <ClInclude Include="..\CloudsLibrary\src\CloudsCrypto.h">
      <Filter>CloudsLibrary\src</Filter>
    </ClInclude>
    <ClInclude Include="..\CloudsLibrary\src\CloudsEvents.h">
      <Filter>CloudsLibrary\src</Filter>
    </ClInclude>
    <ClInclude Include="..\..\..\addons\ofxCrypto\src\ofxCrypto.h">
      <Filter>addons\ofxCrypto\src</Filter>
    </ClInclude>
    <ClInclude Include="..\..\..\addons\ofxLocalization\src\ofxLocalization.h">
      <Filter>addons\ofxLocalization\src</Filter>
    </ClInclude>
    <ClInclude Include="..\..\..\addons\ofxSubtitles\src\ofxSubtitles.h">
      <Filter>addons\ofxSubtitles\src</Filter>
    </ClInclude>
    <ClInclude Include="..\..\..\addons\ofxSubtitles\src\ofxSubtitleUnit.h">
      <Filter>addons\ofxSubtitles\src</Filter>
    </ClInclude>
  </ItemGroup>
  <ItemGroup>
    <ResourceCompile Include="icon.rc" />
  </ItemGroup>
  <ItemGroup>
    <None Include="..\CloudsData\visualsystems\Flying\shaders\plants.frag">
      <Filter>CloudsLibrary\src\VisualSystems\Flying\shaders</Filter>
    </None>
    <None Include="..\CloudsData\visualsystems\Flying\shaders\plants.vert">
      <Filter>CloudsLibrary\src\VisualSystems\Flying\shaders</Filter>
    </None>
    <None Include="..\CloudsData\visualsystems\Flying\shaders\floor.frag">
      <Filter>CloudsLibrary\src\VisualSystems\Flying\shaders</Filter>
    </None>
    <None Include="..\CloudsData\visualsystems\Flying\shaders\floor.vert">
      <Filter>CloudsLibrary\src\VisualSystems\Flying\shaders</Filter>
    </None>
  </ItemGroup>
</Project>